# This file is automatically @generated by Cargo.
# It is not intended for manual editing.
[[package]]
name = "bit-vec"
version = "0.5.0"
source = "registry+https://github.com/rust-lang/crates.io-index"
checksum = "4440d5cb623bb7390ae27fec0bb6c61111969860f8e3ae198bfa0663645e67cf"

[[package]]
name = "huffman-compression"
version = "0.1.0"
dependencies = [
 "bit-vec",
 "indextree",
]

[[package]]
name = "indextree"
version = "1.3.0"
source = "registry+https://github.com/rust-lang/crates.io-index"
checksum = "cb71b7fb856695f470112b0d6c10c37c1aa65aeb1f7072ba25afe5aa4f1e6b80"
